// !$*UTF8*$!
{
	archiveVersion = 1;
	classes = {
	};
	objectVersion = 56;
	objects = {

/* Begin PBXBuildFile section */
		724FC7A42C3EB03400CDA561 /* AppDelegate.swift in Sources */ = {isa = PBXBuildFile; fileRef = 724FC7A32C3EB03400CDA561 /* AppDelegate.swift */; };
		724FC7A62C3EB03400CDA561 /* SceneDelegate.swift in Sources */ = {isa = PBXBuildFile; fileRef = 724FC7A52C3EB03400CDA561 /* SceneDelegate.swift */; };
		724FC7AD2C3EB03600CDA561 /* Assets.xcassets in Resources */ = {isa = PBXBuildFile; fileRef = 724FC7AC2C3EB03600CDA561 /* Assets.xcassets */; };
		724FC7B02C3EB03600CDA561 /* Base in Resources */ = {isa = PBXBuildFile; fileRef = 724FC7AF2C3EB03600CDA561 /* Base */; };
		724FC7B82C3EB0D500CDA561 /* MainWeatherViewController.swift in Sources */ = {isa = PBXBuildFile; fileRef = 724FC7B72C3EB0D500CDA561 /* MainWeatherViewController.swift */; };
		724FC7BD2C3EB16200CDA561 /* BaseViewController.swift in Sources */ = {isa = PBXBuildFile; fileRef = 724FC7BC2C3EB16200CDA561 /* BaseViewController.swift */; };
		724FC7C32C3EB68500CDA561 /* .gitignore in Resources */ = {isa = PBXBuildFile; fileRef = 724FC7C22C3EB68500CDA561 /* .gitignore */; };
		724FC7C52C3EB78E00CDA561 /* MainViewModel.swift in Sources */ = {isa = PBXBuildFile; fileRef = 724FC7C42C3EB78E00CDA561 /* MainViewModel.swift */; };
		724FC7C92C3EB99000CDA561 /* Observable.swift in Sources */ = {isa = PBXBuildFile; fileRef = 724FC7C82C3EB99000CDA561 /* Observable.swift */; };
		724FC7CC2C3EBDFB00CDA561 /* Alamofire in Frameworks */ = {isa = PBXBuildFile; productRef = 724FC7CB2C3EBDFB00CDA561 /* Alamofire */; };
		724FC7CF2C3EBE0800CDA561 /* SnapKit in Frameworks */ = {isa = PBXBuildFile; productRef = 724FC7CE2C3EBE0800CDA561 /* SnapKit */; };
		724FC7D12C3EC36600CDA561 /* OpenWeather.swift in Sources */ = {isa = PBXBuildFile; fileRef = 724FC7D02C3EC36600CDA561 /* OpenWeather.swift */; };
		724FC7D42C3ECBB400CDA561 /* WeatherAPIManager.swift in Sources */ = {isa = PBXBuildFile; fileRef = 724FC7D32C3ECBB400CDA561 /* WeatherAPIManager.swift */; };
		724FC7D72C3ECC7200CDA561 /* APIKey.swift in Sources */ = {isa = PBXBuildFile; fileRef = 724FC7D62C3ECC7200CDA561 /* APIKey.swift */; };
/* End PBXBuildFile section */

/* Begin PBXFileReference section */
		724FC7A02C3EB03400CDA561 /* WeatherApp.app */ = {isa = PBXFileReference; explicitFileType = wrapper.application; includeInIndex = 0; path = WeatherApp.app; sourceTree = BUILT_PRODUCTS_DIR; };
		724FC7A32C3EB03400CDA561 /* AppDelegate.swift */ = {isa = PBXFileReference; lastKnownFileType = sourcecode.swift; path = AppDelegate.swift; sourceTree = "<group>"; };
		724FC7A52C3EB03400CDA561 /* SceneDelegate.swift */ = {isa = PBXFileReference; lastKnownFileType = sourcecode.swift; path = SceneDelegate.swift; sourceTree = "<group>"; };
		724FC7AC2C3EB03600CDA561 /* Assets.xcassets */ = {isa = PBXFileReference; lastKnownFileType = folder.assetcatalog; path = Assets.xcassets; sourceTree = "<group>"; };
		724FC7AF2C3EB03600CDA561 /* Base */ = {isa = PBXFileReference; lastKnownFileType = file.storyboard; name = Base; path = Base.lproj/LaunchScreen.storyboard; sourceTree = "<group>"; };
		724FC7B12C3EB03600CDA561 /* Info.plist */ = {isa = PBXFileReference; lastKnownFileType = text.plist.xml; path = Info.plist; sourceTree = "<group>"; };
		724FC7B72C3EB0D500CDA561 /* MainWeatherViewController.swift */ = {isa = PBXFileReference; lastKnownFileType = sourcecode.swift; path = MainWeatherViewController.swift; sourceTree = "<group>"; };
		724FC7BC2C3EB16200CDA561 /* BaseViewController.swift */ = {isa = PBXFileReference; lastKnownFileType = sourcecode.swift; path = BaseViewController.swift; sourceTree = "<group>"; };
		724FC7C22C3EB68500CDA561 /* .gitignore */ = {isa = PBXFileReference; lastKnownFileType = text; path = .gitignore; sourceTree = "<group>"; };
		724FC7C42C3EB78E00CDA561 /* MainViewModel.swift */ = {isa = PBXFileReference; lastKnownFileType = sourcecode.swift; path = MainViewModel.swift; sourceTree = "<group>"; };
		724FC7C82C3EB99000CDA561 /* Observable.swift */ = {isa = PBXFileReference; lastKnownFileType = sourcecode.swift; path = Observable.swift; sourceTree = "<group>"; };
		724FC7D02C3EC36600CDA561 /* OpenWeather.swift */ = {isa = PBXFileReference; lastKnownFileType = sourcecode.swift; path = OpenWeather.swift; sourceTree = "<group>"; };
		724FC7D32C3ECBB400CDA561 /* WeatherAPIManager.swift */ = {isa = PBXFileReference; lastKnownFileType = sourcecode.swift; path = WeatherAPIManager.swift; sourceTree = "<group>"; };
		724FC7D62C3ECC7200CDA561 /* APIKey.swift */ = {isa = PBXFileReference; lastKnownFileType = sourcecode.swift; path = APIKey.swift; sourceTree = "<group>"; };
/* End PBXFileReference section */

/* Begin PBXFrameworksBuildPhase section */
		724FC79D2C3EB03400CDA561 /* Frameworks */ = {
			isa = PBXFrameworksBuildPhase;
			buildActionMask = 2147483647;
			files = (
				724FC7CC2C3EBDFB00CDA561 /* Alamofire in Frameworks */,
				724FC7CF2C3EBE0800CDA561 /* SnapKit in Frameworks */,
			);
			runOnlyForDeploymentPostprocessing = 0;
		};
/* End PBXFrameworksBuildPhase section */

/* Begin PBXGroup section */
		724FC7972C3EB03400CDA561 = {
			isa = PBXGroup;
			children = (
				724FC7C22C3EB68500CDA561 /* .gitignore */,
				724FC7A22C3EB03400CDA561 /* WeatherApp */,
				724FC7A12C3EB03400CDA561 /* Products */,
			);
			sourceTree = "<group>";
		};
		724FC7A12C3EB03400CDA561 /* Products */ = {
			isa = PBXGroup;
			children = (
				724FC7A02C3EB03400CDA561 /* WeatherApp.app */,
			);
			name = Products;
			sourceTree = "<group>";
		};
		724FC7A22C3EB03400CDA561 /* WeatherApp */ = {
			isa = PBXGroup;
			children = (
				724FC7D52C3ECBD400CDA561 /* Network */,
				724FC7C72C3EB98700CDA561 /* Observable */,
				724FC7C02C3EB19700CDA561 /* MainView */,
				724FC7BB2C3EB14900CDA561 /* Base */,
				724FC7A32C3EB03400CDA561 /* AppDelegate.swift */,
				724FC7A52C3EB03400CDA561 /* SceneDelegate.swift */,
				724FC7AC2C3EB03600CDA561 /* Assets.xcassets */,
				724FC7AE2C3EB03600CDA561 /* LaunchScreen.storyboard */,
				724FC7B12C3EB03600CDA561 /* Info.plist */,
				724FC7D62C3ECC7200CDA561 /* APIKey.swift */,
			);
			path = WeatherApp;
			sourceTree = "<group>";
		};
		724FC7BB2C3EB14900CDA561 /* Base */ = {
			isa = PBXGroup;
			children = (
				724FC7BC2C3EB16200CDA561 /* BaseViewController.swift */,
			);
			path = Base;
			sourceTree = "<group>";
		};
		724FC7C02C3EB19700CDA561 /* MainView */ = {
			isa = PBXGroup;
			children = (
				724FC7D22C3EC36B00CDA561 /* Model */,
				724FC7C12C3EB1D900CDA561 /* ViewController */,
				724FC7C62C3EB79300CDA561 /* ViewModel */,
			);
			path = MainView;
			sourceTree = "<group>";
		};
		724FC7C12C3EB1D900CDA561 /* ViewController */ = {
			isa = PBXGroup;
			children = (
				724FC7B72C3EB0D500CDA561 /* MainWeatherViewController.swift */,
			);
			path = ViewController;
			sourceTree = "<group>";
		};
		724FC7C62C3EB79300CDA561 /* ViewModel */ = {
			isa = PBXGroup;
			children = (
				724FC7C42C3EB78E00CDA561 /* MainViewModel.swift */,
			);
			path = ViewModel;
			sourceTree = "<group>";
		};
		724FC7C72C3EB98700CDA561 /* Observable */ = {
			isa = PBXGroup;
			children = (
				724FC7C82C3EB99000CDA561 /* Observable.swift */,
			);
			path = Observable;
			sourceTree = "<group>";
		};
		724FC7D22C3EC36B00CDA561 /* Model */ = {
			isa = PBXGroup;
			children = (
				724FC7D02C3EC36600CDA561 /* OpenWeather.swift */,
			);
			path = Model;
			sourceTree = "<group>";
		};
		724FC7D52C3ECBD400CDA561 /* Network */ = {
			isa = PBXGroup;
			children = (
				724FC7D32C3ECBB400CDA561 /* WeatherAPIManager.swift */,
			);
			path = Network;
			sourceTree = "<group>";
		};
/* End PBXGroup section */

/* Begin PBXNativeTarget section */
		724FC79F2C3EB03400CDA561 /* WeatherApp */ = {
			isa = PBXNativeTarget;
			buildConfigurationList = 724FC7B42C3EB03600CDA561 /* Build configuration list for PBXNativeTarget "WeatherApp" */;
			buildPhases = (
				724FC79C2C3EB03400CDA561 /* Sources */,
				724FC79D2C3EB03400CDA561 /* Frameworks */,
				724FC79E2C3EB03400CDA561 /* Resources */,
			);
			buildRules = (
			);
			dependencies = (
			);
			name = WeatherApp;
			packageProductDependencies = (
				724FC7CB2C3EBDFB00CDA561 /* Alamofire */,
				724FC7CE2C3EBE0800CDA561 /* SnapKit */,
			);
			productName = WeatherApp;
			productReference = 724FC7A02C3EB03400CDA561 /* WeatherApp.app */;
			productType = "com.apple.product-type.application";
		};
/* End PBXNativeTarget section */

/* Begin PBXProject section */
		724FC7982C3EB03400CDA561 /* Project object */ = {
			isa = PBXProject;
			attributes = {
				BuildIndependentTargetsInParallel = 1;
				LastSwiftUpdateCheck = 1530;
				LastUpgradeCheck = 1530;
				TargetAttributes = {
					724FC79F2C3EB03400CDA561 = {
						CreatedOnToolsVersion = 15.3;
					};
				};
			};
			buildConfigurationList = 724FC79B2C3EB03400CDA561 /* Build configuration list for PBXProject "WeatherApp" */;
			compatibilityVersion = "Xcode 14.0";
			developmentRegion = en;
			hasScannedForEncodings = 0;
			knownRegions = (
				en,
				Base,
			);
			mainGroup = 724FC7972C3EB03400CDA561;
			packageReferences = (
				724FC7CA2C3EBDFB00CDA561 /* XCRemoteSwiftPackageReference "Alamofire" */,
				724FC7CD2C3EBE0800CDA561 /* XCRemoteSwiftPackageReference "SnapKit" */,
			);
			productRefGroup = 724FC7A12C3EB03400CDA561 /* Products */;
			projectDirPath = "";
			projectRoot = "";
			targets = (
				724FC79F2C3EB03400CDA561 /* WeatherApp */,
			);
		};
/* End PBXProject section */

/* Begin PBXResourcesBuildPhase section */
		724FC79E2C3EB03400CDA561 /* Resources */ = {
			isa = PBXResourcesBuildPhase;
			buildActionMask = 2147483647;
			files = (
				724FC7AD2C3EB03600CDA561 /* Assets.xcassets in Resources */,
				724FC7C32C3EB68500CDA561 /* .gitignore in Resources */,
				724FC7B02C3EB03600CDA561 /* Base in Resources */,
			);
			runOnlyForDeploymentPostprocessing = 0;
		};
/* End PBXResourcesBuildPhase section */

/* Begin PBXSourcesBuildPhase section */
		724FC79C2C3EB03400CDA561 /* Sources */ = {
			isa = PBXSourcesBuildPhase;
			buildActionMask = 2147483647;
			files = (
				724FC7C52C3EB78E00CDA561 /* MainViewModel.swift in Sources */,
				724FC7A42C3EB03400CDA561 /* AppDelegate.swift in Sources */,
				724FC7D42C3ECBB400CDA561 /* WeatherAPIManager.swift in Sources */,
				724FC7BD2C3EB16200CDA561 /* BaseViewController.swift in Sources */,
				724FC7A62C3EB03400CDA561 /* SceneDelegate.swift in Sources */,
				724FC7C92C3EB99000CDA561 /* Observable.swift in Sources */,
				724FC7B82C3EB0D500CDA561 /* MainWeatherViewController.swift in Sources */,
				724FC7D72C3ECC7200CDA561 /* APIKey.swift in Sources */,
				724FC7D12C3EC36600CDA561 /* OpenWeather.swift in Sources */,
			);
			runOnlyForDeploymentPostprocessing = 0;
		};
/* End PBXSourcesBuildPhase section */

/* Begin PBXVariantGroup section */
		724FC7AE2C3EB03600CDA561 /* LaunchScreen.storyboard */ = {
			isa = PBXVariantGroup;
			children = (
				724FC7AF2C3EB03600CDA561 /* Base */,
			);
			name = LaunchScreen.storyboard;
			sourceTree = "<group>";
		};
/* End PBXVariantGroup section */

/* Begin XCBuildConfiguration section */
		724FC7B22C3EB03600CDA561 /* Debug */ = {
			isa = XCBuildConfiguration;
			buildSettings = {
				ALWAYS_SEARCH_USER_PATHS = NO;
				ASSETCATALOG_COMPILER_GENERATE_SWIFT_ASSET_SYMBOL_EXTENSIONS = YES;
				CLANG_ANALYZER_NONNULL = YES;
				CLANG_ANALYZER_NUMBER_OBJECT_CONVERSION = YES_AGGRESSIVE;
				CLANG_CXX_LANGUAGE_STANDARD = "gnu++20";
				CLANG_ENABLE_MODULES = YES;
				CLANG_ENABLE_OBJC_ARC = YES;
				CLANG_ENABLE_OBJC_WEAK = YES;
				CLANG_WARN_BLOCK_CAPTURE_AUTORELEASING = YES;
				CLANG_WARN_BOOL_CONVERSION = YES;
				CLANG_WARN_COMMA = YES;
				CLANG_WARN_CONSTANT_CONVERSION = YES;
				CLANG_WARN_DEPRECATED_OBJC_IMPLEMENTATIONS = YES;
				CLANG_WARN_DIRECT_OBJC_ISA_USAGE = YES_ERROR;
				CLANG_WARN_DOCUMENTATION_COMMENTS = YES;
				CLANG_WARN_EMPTY_BODY = YES;
				CLANG_WARN_ENUM_CONVERSION = YES;
				CLANG_WARN_INFINITE_RECURSION = YES;
				CLANG_WARN_INT_CONVERSION = YES;
				CLANG_WARN_NON_LITERAL_NULL_CONVERSION = YES;
				CLANG_WARN_OBJC_IMPLICIT_RETAIN_SELF = YES;
				CLANG_WARN_OBJC_LITERAL_CONVERSION = YES;
				CLANG_WARN_OBJC_ROOT_CLASS = YES_ERROR;
				CLANG_WARN_QUOTED_INCLUDE_IN_FRAMEWORK_HEADER = YES;
				CLANG_WARN_RANGE_LOOP_ANALYSIS = YES;
				CLANG_WARN_STRICT_PROTOTYPES = YES;
				CLANG_WARN_SUSPICIOUS_MOVE = YES;
				CLANG_WARN_UNGUARDED_AVAILABILITY = YES_AGGRESSIVE;
				CLANG_WARN_UNREACHABLE_CODE = YES;
				CLANG_WARN__DUPLICATE_METHOD_MATCH = YES;
				COPY_PHASE_STRIP = NO;
				DEBUG_INFORMATION_FORMAT = dwarf;
				ENABLE_STRICT_OBJC_MSGSEND = YES;
				ENABLE_TESTABILITY = YES;
				ENABLE_USER_SCRIPT_SANDBOXING = YES;
				GCC_C_LANGUAGE_STANDARD = gnu17;
				GCC_DYNAMIC_NO_PIC = NO;
				GCC_NO_COMMON_BLOCKS = YES;
				GCC_OPTIMIZATION_LEVEL = 0;
				GCC_PREPROCESSOR_DEFINITIONS = (
					"DEBUG=1",
					"$(inherited)",
				);
				GCC_WARN_64_TO_32_BIT_CONVERSION = YES;
				GCC_WARN_ABOUT_RETURN_TYPE = YES_ERROR;
				GCC_WARN_UNDECLARED_SELECTOR = YES;
				GCC_WARN_UNINITIALIZED_AUTOS = YES_AGGRESSIVE;
				GCC_WARN_UNUSED_FUNCTION = YES;
				GCC_WARN_UNUSED_VARIABLE = YES;
				IPHONEOS_DEPLOYMENT_TARGET = 17.4;
				LOCALIZATION_PREFERS_STRING_CATALOGS = YES;
				MTL_ENABLE_DEBUG_INFO = INCLUDE_SOURCE;
				MTL_FAST_MATH = YES;
				ONLY_ACTIVE_ARCH = YES;
				SDKROOT = iphoneos;
				SWIFT_ACTIVE_COMPILATION_CONDITIONS = "DEBUG $(inherited)";
				SWIFT_OPTIMIZATION_LEVEL = "-Onone";
			};
			name = Debug;
		};
		724FC7B32C3EB03600CDA561 /* Release */ = {
			isa = XCBuildConfiguration;
			buildSettings = {
				ALWAYS_SEARCH_USER_PATHS = NO;
				ASSETCATALOG_COMPILER_GENERATE_SWIFT_ASSET_SYMBOL_EXTENSIONS = YES;
				CLANG_ANALYZER_NONNULL = YES;
				CLANG_ANALYZER_NUMBER_OBJECT_CONVERSION = YES_AGGRESSIVE;
				CLANG_CXX_LANGUAGE_STANDARD = "gnu++20";
				CLANG_ENABLE_MODULES = YES;
				CLANG_ENABLE_OBJC_ARC = YES;
				CLANG_ENABLE_OBJC_WEAK = YES;
				CLANG_WARN_BLOCK_CAPTURE_AUTORELEASING = YES;
				CLANG_WARN_BOOL_CONVERSION = YES;
				CLANG_WARN_COMMA = YES;
				CLANG_WARN_CONSTANT_CONVERSION = YES;
				CLANG_WARN_DEPRECATED_OBJC_IMPLEMENTATIONS = YES;
				CLANG_WARN_DIRECT_OBJC_ISA_USAGE = YES_ERROR;
				CLANG_WARN_DOCUMENTATION_COMMENTS = YES;
				CLANG_WARN_EMPTY_BODY = YES;
				CLANG_WARN_ENUM_CONVERSION = YES;
				CLANG_WARN_INFINITE_RECURSION = YES;
				CLANG_WARN_INT_CONVERSION = YES;
				CLANG_WARN_NON_LITERAL_NULL_CONVERSION = YES;
				CLANG_WARN_OBJC_IMPLICIT_RETAIN_SELF = YES;
				CLANG_WARN_OBJC_LITERAL_CONVERSION = YES;
				CLANG_WARN_OBJC_ROOT_CLASS = YES_ERROR;
				CLANG_WARN_QUOTED_INCLUDE_IN_FRAMEWORK_HEADER = YES;
				CLANG_WARN_RANGE_LOOP_ANALYSIS = YES;
				CLANG_WARN_STRICT_PROTOTYPES = YES;
				CLANG_WARN_SUSPICIOUS_MOVE = YES;
				CLANG_WARN_UNGUARDED_AVAILABILITY = YES_AGGRESSIVE;
				CLANG_WARN_UNREACHABLE_CODE = YES;
				CLANG_WARN__DUPLICATE_METHOD_MATCH = YES;
				COPY_PHASE_STRIP = NO;
				DEBUG_INFORMATION_FORMAT = "dwarf-with-dsym";
				ENABLE_NS_ASSERTIONS = NO;
				ENABLE_STRICT_OBJC_MSGSEND = YES;
				ENABLE_USER_SCRIPT_SANDBOXING = YES;
				GCC_C_LANGUAGE_STANDARD = gnu17;
				GCC_NO_COMMON_BLOCKS = YES;
				GCC_WARN_64_TO_32_BIT_CONVERSION = YES;
				GCC_WARN_ABOUT_RETURN_TYPE = YES_ERROR;
				GCC_WARN_UNDECLARED_SELECTOR = YES;
				GCC_WARN_UNINITIALIZED_AUTOS = YES_AGGRESSIVE;
				GCC_WARN_UNUSED_FUNCTION = YES;
				GCC_WARN_UNUSED_VARIABLE = YES;
				IPHONEOS_DEPLOYMENT_TARGET = 17.4;
				LOCALIZATION_PREFERS_STRING_CATALOGS = YES;
				MTL_ENABLE_DEBUG_INFO = NO;
				MTL_FAST_MATH = YES;
				SDKROOT = iphoneos;
				SWIFT_COMPILATION_MODE = wholemodule;
				VALIDATE_PRODUCT = YES;
			};
			name = Release;
		};
		724FC7B52C3EB03600CDA561 /* Debug */ = {
			isa = XCBuildConfiguration;
			buildSettings = {
				ASSETCATALOG_COMPILER_APPICON_NAME = AppIcon;
				ASSETCATALOG_COMPILER_GLOBAL_ACCENT_COLOR_NAME = AccentColor;
				CODE_SIGN_STYLE = Automatic;
				CURRENT_PROJECT_VERSION = 1;
				DEVELOPMENT_TEAM = QQN262X7KM;
				GENERATE_INFOPLIST_FILE = YES;
				INFOPLIST_FILE = WeatherApp/Info.plist;
				INFOPLIST_KEY_UIApplicationSupportsIndirectInputEvents = YES;
				INFOPLIST_KEY_UILaunchStoryboardName = LaunchScreen;
				INFOPLIST_KEY_UISupportedInterfaceOrientations = UIInterfaceOrientationPortrait;
				INFOPLIST_KEY_UISupportedInterfaceOrientations_iPad = UIInterfaceOrientationPortrait;
				IPHONEOS_DEPLOYMENT_TARGET = 16.0;
				LD_RUNPATH_SEARCH_PATHS = (
					"$(inherited)",
					"@executable_path/Frameworks",
				);
				MARKETING_VERSION = 1.0;
				PRODUCT_BUNDLE_IDENTIFIER = com.Jun.WeatherApp;
				PRODUCT_NAME = "$(TARGET_NAME)";
				SUPPORTED_PLATFORMS = "iphoneos iphonesimulator";
				SUPPORTS_MACCATALYST = NO;
				SUPPORTS_MAC_DESIGNED_FOR_IPHONE_IPAD = NO;
				SUPPORTS_XR_DESIGNED_FOR_IPHONE_IPAD = NO;
				SWIFT_EMIT_LOC_STRINGS = YES;
				SWIFT_VERSION = 5.0;
				TARGETED_DEVICE_FAMILY = 1;
			};
			name = Debug;
		};
		724FC7B62C3EB03600CDA561 /* Release */ = {
			isa = XCBuildConfiguration;
			buildSettings = {
				ASSETCATALOG_COMPILER_APPICON_NAME = AppIcon;
				ASSETCATALOG_COMPILER_GLOBAL_ACCENT_COLOR_NAME = AccentColor;
				CODE_SIGN_STYLE = Automatic;
				CURRENT_PROJECT_VERSION = 1;
				DEVELOPMENT_TEAM = QQN262X7KM;
				GENERATE_INFOPLIST_FILE = YES;
				INFOPLIST_FILE = WeatherApp/Info.plist;
				INFOPLIST_KEY_UIApplicationSupportsIndirectInputEvents = YES;
				INFOPLIST_KEY_UILaunchStoryboardName = LaunchScreen;
				INFOPLIST_KEY_UISupportedInterfaceOrientations = UIInterfaceOrientationPortrait;
				INFOPLIST_KEY_UISupportedInterfaceOrientations_iPad = UIInterfaceOrientationPortrait;
				IPHONEOS_DEPLOYMENT_TARGET = 16.0;
				LD_RUNPATH_SEARCH_PATHS = (
					"$(inherited)",
					"@executable_path/Frameworks",
				);
				MARKETING_VERSION = 1.0;
				PRODUCT_BUNDLE_IDENTIFIER = com.Jun.WeatherApp;
				PRODUCT_NAME = "$(TARGET_NAME)";
				SUPPORTED_PLATFORMS = "iphoneos iphonesimulator";
				SUPPORTS_MACCATALYST = NO;
				SUPPORTS_MAC_DESIGNED_FOR_IPHONE_IPAD = NO;
				SUPPORTS_XR_DESIGNED_FOR_IPHONE_IPAD = NO;
				SWIFT_EMIT_LOC_STRINGS = YES;
				SWIFT_VERSION = 5.0;
				TARGETED_DEVICE_FAMILY = 1;
			};
			name = Release;
		};
/* End XCBuildConfiguration section */

/* Begin XCConfigurationList section */
		724FC79B2C3EB03400CDA561 /* Build configuration list for PBXProject "WeatherApp" */ = {
			isa = XCConfigurationList;
			buildConfigurations = (
				724FC7B22C3EB03600CDA561 /* Debug */,
				724FC7B32C3EB03600CDA561 /* Release */,
			);
			defaultConfigurationIsVisible = 0;
			defaultConfigurationName = Release;
		};
		724FC7B42C3EB03600CDA561 /* Build configuration list for PBXNativeTarget "WeatherApp" */ = {
			isa = XCConfigurationList;
			buildConfigurations = (
				724FC7B52C3EB03600CDA561 /* Debug */,
				724FC7B62C3EB03600CDA561 /* Release */,
			);
			defaultConfigurationIsVisible = 0;
			defaultConfigurationName = Release;
		};
/* End XCConfigurationList section */

/* Begin XCRemoteSwiftPackageReference section */
		724FC7CA2C3EBDFB00CDA561 /* XCRemoteSwiftPackageReference "Alamofire" */ = {
			isa = XCRemoteSwiftPackageReference;
			repositoryURL = "https://github.com/Alamofire/Alamofire.git";
			requirement = {
				kind = upToNextMajorVersion;
				minimumVersion = 5.9.1;
			};
		};
		724FC7CD2C3EBE0800CDA561 /* XCRemoteSwiftPackageReference "SnapKit" */ = {
			isa = XCRemoteSwiftPackageReference;
			repositoryURL = "https://github.com/SnapKit/SnapKit.git";
			requirement = {
				kind = upToNextMajorVersion;
				minimumVersion = 5.7.1;
			};
		};
/* End XCRemoteSwiftPackageReference section */

/* Begin XCSwiftPackageProductDependency section */
		724FC7CB2C3EBDFB00CDA561 /* Alamofire */ = {
			isa = XCSwiftPackageProductDependency;
			package = 724FC7CA2C3EBDFB00CDA561 /* XCRemoteSwiftPackageReference "Alamofire" */;
			productName = Alamofire;
		};
		724FC7CE2C3EBE0800CDA561 /* SnapKit */ = {
			isa = XCSwiftPackageProductDependency;
			package = 724FC7CD2C3EBE0800CDA561 /* XCRemoteSwiftPackageReference "SnapKit" */;
			productName = SnapKit;
		};
/* End XCSwiftPackageProductDependency section */
	};
	rootObject = 724FC7982C3EB03400CDA561 /* Project object */;
}
